<?xml version="1.0" encoding="utf-8"?>
<Project ToolsVersion="16.0" xmlns="http://schemas.microsoft.com/developer/msbuild/2003">
  <ItemGroup>
    <CustomBuild Include="C:\Users\OSKUR\Downloads\sfml\CMakeFiles\8c00bfb2cbfaff2ff0b935ad6236bdab\INSTALL_force.rule">
      <Filter>CMake Rules</Filter>
    </CustomBuild>
  </ItemGroup>
  <ItemGroup>
    <Filter Include="CMake Rules">
      <UniqueIdentifier>{9F3E106A-2A79-3EF1-82DC-75CAFCF13EC8}</UniqueIdentifier>
    </Filter>
  </ItemGroup>
</Project>
